
Microsoft Visual Studio Solution File, Format Version 12.00
# Visual Studio Version 17
VisualStudioVersion = 17.14.36127.28
MinimumVisualStudioVersion = 10.0.40219.1
Project("{FAE04EC0-301F-11D3-BF4B-00C04F79EFBC}") = "ShopChain.Api", "ShopChain.Api\ShopChain.Api.csproj", "{81B1F820-476A-4354-8F23-A960DBB945B0}"
EndProject
Project("{FAE04EC0-301F-11D3-BF4B-00C04F79EFBC}") = "ShopChain.Application", "ShopChain.Application\ShopChain.Application.csproj", "{500D8785-6289-4D21-922A-50ACF92AECF2}"
EndProject
Project("{FAE04EC0-301F-11D3-BF4B-00C04F79EFBC}") = "ShopChain.Core", "ShopChain.Core\ShopChain.Core.csproj", "{A0C5F7A4-1E43-42A3-9A5B-1A1F6A7EB5F5}"
EndProject
Project("{FAE04EC0-301F-11D3-BF4B-00C04F79EFBC}") = "ShopChain.Infrastructure", "ShopChain.Infrastructure\ShopChain.Infrastructure.csproj", "{A847F556-34CD-4DAA-AD87-2B1CEE327D09}"
EndProject
Project("{FAE04EC0-301F-11D3-BF4B-00C04F79EFBC}") = "ShopChain.UnitTest", "ShopChain.UnitTest\ShopChain.UnitTest.csproj", "{B3FA8625-7FA5-42AF-BE2C-A35A94FF37EE}"
EndProject
Global
	GlobalSection(SolutionConfigurationPlatforms) = preSolution
		Debug|Any CPU = Debug|Any CPU
		Release|Any CPU = Release|Any CPU
	EndGlobalSection
	GlobalSection(ProjectConfigurationPlatforms) = postSolution
		{81B1F820-476A-4354-8F23-A960DBB945B0}.Debug|Any CPU.ActiveCfg = Debug|Any CPU
		{81B1F820-476A-4354-8F23-A960DBB945B0}.Debug|Any CPU.Build.0 = Debug|Any CPU
		{81B1F820-476A-4354-8F23-A960DBB945B0}.Release|Any CPU.ActiveCfg = Release|Any CPU
		{81B1F820-476A-4354-8F23-A960DBB945B0}.Release|Any CPU.Build.0 = Release|Any CPU
		{500D8785-6289-4D21-922A-50ACF92AECF2}.Debug|Any CPU.ActiveCfg = Debug|Any CPU
		{500D8785-6289-4D21-922A-50ACF92AECF2}.Debug|Any CPU.Build.0 = Debug|Any CPU
		{500D8785-6289-4D21-922A-50ACF92AECF2}.Release|Any CPU.ActiveCfg = Release|Any CPU
		{500D8785-6289-4D21-922A-50ACF92AECF2}.Release|Any CPU.Build.0 = Release|Any CPU
		{A0C5F7A4-1E43-42A3-9A5B-1A1F6A7EB5F5}.Debug|Any CPU.ActiveCfg = Debug|Any CPU
		{A0C5F7A4-1E43-42A3-9A5B-1A1F6A7EB5F5}.Debug|Any CPU.Build.0 = Debug|Any CPU
		{A0C5F7A4-1E43-42A3-9A5B-1A1F6A7EB5F5}.Release|Any CPU.ActiveCfg = Release|Any CPU
		{A0C5F7A4-1E43-42A3-9A5B-1A1F6A7EB5F5}.Release|Any CPU.Build.0 = Release|Any CPU
		{A847F556-34CD-4DAA-AD87-2B1CEE327D09}.Debug|Any CPU.ActiveCfg = Debug|Any CPU
		{A847F556-34CD-4DAA-AD87-2B1CEE327D09}.Debug|Any CPU.Build.0 = Debug|Any CPU
		{A847F556-34CD-4DAA-AD87-2B1CEE327D09}.Release|Any CPU.ActiveCfg = Release|Any CPU
		{A847F556-34CD-4DAA-AD87-2B1CEE327D09}.Release|Any CPU.Build.0 = Release|Any CPU
		{B3FA8625-7FA5-42AF-BE2C-A35A94FF37EE}.Debug|Any CPU.ActiveCfg = Debug|Any CPU
		{B3FA8625-7FA5-42AF-BE2C-A35A94FF37EE}.Debug|Any CPU.Build.0 = Debug|Any CPU
		{B3FA8625-7FA5-42AF-BE2C-A35A94FF37EE}.Release|Any CPU.ActiveCfg = Release|Any CPU
		{B3FA8625-7FA5-42AF-BE2C-A35A94FF37EE}.Release|Any CPU.Build.0 = Release|Any CPU
	EndGlobalSection
	GlobalSection(SolutionProperties) = preSolution
		HideSolutionNode = FALSE
	EndGlobalSection
	GlobalSection(ExtensibilityGlobals) = postSolution
		SolutionGuid = {3DBC1F21-4550-4656-8792-4AFF7684BD32}
	EndGlobalSection
EndGlobal
